// !$*UTF8*$!
{
	archiveVersion = 1;
	classes = {
	};
	objectVersion = 56;
	objects = {

/* Begin PBXBuildFile section */
		D434E74A2A8BD60B00EFC225 /* TestManager.swift in Sources */ = {isa = PBXBuildFile; fileRef = D434E7492A8BD60B00EFC225 /* TestManager.swift */; };
		D434E74C2A8BD64500EFC225 /* Weather.json in Resources */ = {isa = PBXBuildFile; fileRef = D434E74B2A8BD64500EFC225 /* Weather.json */; };
		D4C636EB2A8B8B28005A3BC9 /* WeatherApp.swift in Sources */ = {isa = PBXBuildFile; fileRef = D4C636EA2A8B8B28005A3BC9 /* WeatherApp.swift */; };
		D4C636ED2A8B8B28005A3BC9 /* HomeView.swift in Sources */ = {isa = PBXBuildFile; fileRef = D4C636EC2A8B8B28005A3BC9 /* HomeView.swift */; };
		D4C636EF2A8B8B2C005A3BC9 /* Assets.xcassets in Resources */ = {isa = PBXBuildFile; fileRef = D4C636EE2A8B8B2C005A3BC9 /* Assets.xcassets */; };
		D4C636F22A8B8B2C005A3BC9 /* Preview Assets.xcassets in Resources */ = {isa = PBXBuildFile; fileRef = D4C636F12A8B8B2C005A3BC9 /* Preview Assets.xcassets */; };
		D4C636FC2A8B8B2C005A3BC9 /* WeatherTests.swift in Sources */ = {isa = PBXBuildFile; fileRef = D4C636FB2A8B8B2C005A3BC9 /* WeatherTests.swift */; };
		D4C637062A8B8B2C005A3BC9 /* WeatherUITests.swift in Sources */ = {isa = PBXBuildFile; fileRef = D4C637052A8B8B2C005A3BC9 /* WeatherUITests.swift */; };
		D4C637082A8B8B2C005A3BC9 /* WeatherUITestsLaunchTests.swift in Sources */ = {isa = PBXBuildFile; fileRef = D4C637072A8B8B2C005A3BC9 /* WeatherUITestsLaunchTests.swift */; };
		D4C637262A8B8EF6005A3BC9 /* WeatherViewModel.swift in Sources */ = {isa = PBXBuildFile; fileRef = D4C637252A8B8EF6005A3BC9 /* WeatherViewModel.swift */; };
		D4C6372C2A8B9121005A3BC9 /* LocationViewModel.swift in Sources */ = {isa = PBXBuildFile; fileRef = D4C6372B2A8B9121005A3BC9 /* LocationViewModel.swift */; };
		D4C6372E2A8B9242005A3BC9 /* Location.swift in Sources */ = {isa = PBXBuildFile; fileRef = D4C6372D2A8B9242005A3BC9 /* Location.swift */; };
		D4C637302A8B9EC8005A3BC9 /* NetworkManager.swift in Sources */ = {isa = PBXBuildFile; fileRef = D4C6372F2A8B9EC8005A3BC9 /* NetworkManager.swift */; };
		D4C637322A8B9F18005A3BC9 /* APIServices.swift in Sources */ = {isa = PBXBuildFile; fileRef = D4C637312A8B9F18005A3BC9 /* APIServices.swift */; };
		D4C637342A8B9F4A005A3BC9 /* ErrorManager.swift in Sources */ = {isa = PBXBuildFile; fileRef = D4C637332A8B9F4A005A3BC9 /* ErrorManager.swift */; };
		D4C637382A8BA85E005A3BC9 /* Weather.swift in Sources */ = {isa = PBXBuildFile; fileRef = D4C637372A8BA85E005A3BC9 /* Weather.swift */; };
		D4C6373A2A8BACD4005A3BC9 /* API.plist in Resources */ = {isa = PBXBuildFile; fileRef = D4C637392A8BACD4005A3BC9 /* API.plist */; };
		D4C6373C2A8BC861005A3BC9 /* WeatherView.swift in Sources */ = {isa = PBXBuildFile; fileRef = D4C6373B2A8BC861005A3BC9 /* WeatherView.swift */; };
/* End PBXBuildFile section */

/* Begin PBXContainerItemProxy section */
		D4C636F82A8B8B2C005A3BC9 /* PBXContainerItemProxy */ = {
			isa = PBXContainerItemProxy;
			containerPortal = D4C636DF2A8B8B28005A3BC9 /* Project object */;
			proxyType = 1;
			remoteGlobalIDString = D4C636E62A8B8B28005A3BC9;
			remoteInfo = Weather;
		};
		D4C637022A8B8B2C005A3BC9 /* PBXContainerItemProxy */ = {
			isa = PBXContainerItemProxy;
			containerPortal = D4C636DF2A8B8B28005A3BC9 /* Project object */;
			proxyType = 1;
			remoteGlobalIDString = D4C636E62A8B8B28005A3BC9;
			remoteInfo = Weather;
		};
/* End PBXContainerItemProxy section */

/* Begin PBXFileReference section */
		D434E7492A8BD60B00EFC225 /* TestManager.swift */ = {isa = PBXFileReference; lastKnownFileType = sourcecode.swift; path = TestManager.swift; sourceTree = "<group>"; };
		D434E74B2A8BD64500EFC225 /* Weather.json */ = {isa = PBXFileReference; lastKnownFileType = text.json; path = Weather.json; sourceTree = "<group>"; };
		D4C636E72A8B8B28005A3BC9 /* Weather.app */ = {isa = PBXFileReference; explicitFileType = wrapper.application; includeInIndex = 0; path = Weather.app; sourceTree = BUILT_PRODUCTS_DIR; };
		D4C636EA2A8B8B28005A3BC9 /* WeatherApp.swift */ = {isa = PBXFileReference; lastKnownFileType = sourcecode.swift; path = WeatherApp.swift; sourceTree = "<group>"; };
		D4C636EC2A8B8B28005A3BC9 /* HomeView.swift */ = {isa = PBXFileReference; lastKnownFileType = sourcecode.swift; path = HomeView.swift; sourceTree = "<group>"; };
		D4C636EE2A8B8B2C005A3BC9 /* Assets.xcassets */ = {isa = PBXFileReference; lastKnownFileType = folder.assetcatalog; path = Assets.xcassets; sourceTree = "<group>"; };
		D4C636F12A8B8B2C005A3BC9 /* Preview Assets.xcassets */ = {isa = PBXFileReference; lastKnownFileType = folder.assetcatalog; path = "Preview Assets.xcassets"; sourceTree = "<group>"; };
		D4C636F72A8B8B2C005A3BC9 /* WeatherTests.xctest */ = {isa = PBXFileReference; explicitFileType = wrapper.cfbundle; includeInIndex = 0; path = WeatherTests.xctest; sourceTree = BUILT_PRODUCTS_DIR; };
		D4C636FB2A8B8B2C005A3BC9 /* WeatherTests.swift */ = {isa = PBXFileReference; lastKnownFileType = sourcecode.swift; path = WeatherTests.swift; sourceTree = "<group>"; };
		D4C637012A8B8B2C005A3BC9 /* WeatherUITests.xctest */ = {isa = PBXFileReference; explicitFileType = wrapper.cfbundle; includeInIndex = 0; path = WeatherUITests.xctest; sourceTree = BUILT_PRODUCTS_DIR; };
		D4C637052A8B8B2C005A3BC9 /* WeatherUITests.swift */ = {isa = PBXFileReference; lastKnownFileType = sourcecode.swift; path = WeatherUITests.swift; sourceTree = "<group>"; };
		D4C637072A8B8B2C005A3BC9 /* WeatherUITestsLaunchTests.swift */ = {isa = PBXFileReference; lastKnownFileType = sourcecode.swift; path = WeatherUITestsLaunchTests.swift; sourceTree = "<group>"; };
		D4C637252A8B8EF6005A3BC9 /* WeatherViewModel.swift */ = {isa = PBXFileReference; lastKnownFileType = sourcecode.swift; path = WeatherViewModel.swift; sourceTree = "<group>"; };
		D4C6372B2A8B9121005A3BC9 /* LocationViewModel.swift */ = {isa = PBXFileReference; lastKnownFileType = sourcecode.swift; path = LocationViewModel.swift; sourceTree = "<group>"; };
		D4C6372D2A8B9242005A3BC9 /* Location.swift */ = {isa = PBXFileReference; lastKnownFileType = sourcecode.swift; path = Location.swift; sourceTree = "<group>"; };
		D4C6372F2A8B9EC8005A3BC9 /* NetworkManager.swift */ = {isa = PBXFileReference; lastKnownFileType = sourcecode.swift; path = NetworkManager.swift; sourceTree = "<group>"; };
		D4C637312A8B9F18005A3BC9 /* APIServices.swift */ = {isa = PBXFileReference; lastKnownFileType = sourcecode.swift; path = APIServices.swift; sourceTree = "<group>"; };
		D4C637332A8B9F4A005A3BC9 /* ErrorManager.swift */ = {isa = PBXFileReference; lastKnownFileType = sourcecode.swift; path = ErrorManager.swift; sourceTree = "<group>"; };
		D4C637372A8BA85E005A3BC9 /* Weather.swift */ = {isa = PBXFileReference; lastKnownFileType = sourcecode.swift; path = Weather.swift; sourceTree = "<group>"; };
		D4C637392A8BACD4005A3BC9 /* API.plist */ = {isa = PBXFileReference; lastKnownFileType = text.plist.xml; path = API.plist; sourceTree = "<group>"; };
		D4C6373B2A8BC861005A3BC9 /* WeatherView.swift */ = {isa = PBXFileReference; lastKnownFileType = sourcecode.swift; path = WeatherView.swift; sourceTree = "<group>"; };
/* End PBXFileReference section */

/* Begin PBXFrameworksBuildPhase section */
		D4C636E42A8B8B28005A3BC9 /* Frameworks */ = {
			isa = PBXFrameworksBuildPhase;
			buildActionMask = 2147483647;
			files = (
			);
			runOnlyForDeploymentPostprocessing = 0;
		};
		D4C636F42A8B8B2C005A3BC9 /* Frameworks */ = {
			isa = PBXFrameworksBuildPhase;
			buildActionMask = 2147483647;
			files = (
			);
			runOnlyForDeploymentPostprocessing = 0;
		};
		D4C636FE2A8B8B2C005A3BC9 /* Frameworks */ = {
			isa = PBXFrameworksBuildPhase;
			buildActionMask = 2147483647;
			files = (
			);
			runOnlyForDeploymentPostprocessing = 0;
		};
/* End PBXFrameworksBuildPhase section */

/* Begin PBXGroup section */
		D4C636DE2A8B8B28005A3BC9 = {
			isa = PBXGroup;
			children = (
				D4C636E92A8B8B28005A3BC9 /* Weather */,
				D4C636FA2A8B8B2C005A3BC9 /* WeatherTests */,
				D4C637042A8B8B2C005A3BC9 /* WeatherUITests */,
				D4C636E82A8B8B28005A3BC9 /* Products */,
			);
			sourceTree = "<group>";
		};
		D4C636E82A8B8B28005A3BC9 /* Products */ = {
			isa = PBXGroup;
			children = (
				D4C636E72A8B8B28005A3BC9 /* Weather.app */,
				D4C636F72A8B8B2C005A3BC9 /* WeatherTests.xctest */,
				D4C637012A8B8B2C005A3BC9 /* WeatherUITests.xctest */,
			);
			name = Products;
			sourceTree = "<group>";
		};
		D4C636E92A8B8B28005A3BC9 /* Weather */ = {
			isa = PBXGroup;
			children = (
				D4C6371E2A8B8E76005A3BC9 /* Model */,
				D4C6371F2A8B8E7C005A3BC9 /* View */,
				D4C637202A8B8E84005A3BC9 /* ViewModel */,
				D4C637192A8B8DD1005A3BC9 /* Features */,
				D4C637142A8B8C39005A3BC9 /* Services */,
				D4C636EA2A8B8B28005A3BC9 /* WeatherApp.swift */,
				D4C636EE2A8B8B2C005A3BC9 /* Assets.xcassets */,
				D4C636F02A8B8B2C005A3BC9 /* Preview Content */,
				D4C637392A8BACD4005A3BC9 /* API.plist */,
			);
			path = Weather;
			sourceTree = "<group>";
		};
		D4C636F02A8B8B2C005A3BC9 /* Preview Content */ = {
			isa = PBXGroup;
			children = (
				D4C636F12A8B8B2C005A3BC9 /* Preview Assets.xcassets */,
			);
			path = "Preview Content";
			sourceTree = "<group>";
		};
		D4C636FA2A8B8B2C005A3BC9 /* WeatherTests */ = {
			isa = PBXGroup;
			children = (
				D434E74B2A8BD64500EFC225 /* Weather.json */,
				D4C636FB2A8B8B2C005A3BC9 /* WeatherTests.swift */,
				D434E7492A8BD60B00EFC225 /* TestManager.swift */,
			);
			path = WeatherTests;
			sourceTree = "<group>";
		};
		D4C637042A8B8B2C005A3BC9 /* WeatherUITests */ = {
			isa = PBXGroup;
			children = (
				D4C637052A8B8B2C005A3BC9 /* WeatherUITests.swift */,
				D4C637072A8B8B2C005A3BC9 /* WeatherUITestsLaunchTests.swift */,
			);
			path = WeatherUITests;
			sourceTree = "<group>";
		};
		D4C637142A8B8C39005A3BC9 /* Services */ = {
			isa = PBXGroup;
			children = (
				D4C637312A8B9F18005A3BC9 /* APIServices.swift */,
				D4C6372F2A8B9EC8005A3BC9 /* NetworkManager.swift */,
				D4C637332A8B9F4A005A3BC9 /* ErrorManager.swift */,
			);
			path = Services;
			sourceTree = "<group>";
		};
		D4C637192A8B8DD1005A3BC9 /* Features */ = {
			isa = PBXGroup;
			children = (
			);
			path = Features;
			sourceTree = "<group>";
		};
		D4C6371E2A8B8E76005A3BC9 /* Model */ = {
			isa = PBXGroup;
			children = (
				D4C6372D2A8B9242005A3BC9 /* Location.swift */,
				D4C637372A8BA85E005A3BC9 /* Weather.swift */,
			);
			path = Model;
			sourceTree = "<group>";
		};
		D4C6371F2A8B8E7C005A3BC9 /* View */ = {
			isa = PBXGroup;
			children = (
				D4C636EC2A8B8B28005A3BC9 /* HomeView.swift */,
				D4C6373B2A8BC861005A3BC9 /* WeatherView.swift */,
			);
			path = View;
			sourceTree = "<group>";
		};
		D4C637202A8B8E84005A3BC9 /* ViewModel */ = {
			isa = PBXGroup;
			children = (
				D4C637252A8B8EF6005A3BC9 /* WeatherViewModel.swift */,
				D4C6372B2A8B9121005A3BC9 /* LocationViewModel.swift */,
			);
			path = ViewModel;
			sourceTree = "<group>";
		};
/* End PBXGroup section */

/* Begin PBXNativeTarget section */
		D4C636E62A8B8B28005A3BC9 /* Weather */ = {
			isa = PBXNativeTarget;
			buildConfigurationList = D4C6370B2A8B8B2C005A3BC9 /* Build configuration list for PBXNativeTarget "Weather" */;
			buildPhases = (
				D4C636E32A8B8B28005A3BC9 /* Sources */,
				D4C636E42A8B8B28005A3BC9 /* Frameworks */,
				D4C636E52A8B8B28005A3BC9 /* Resources */,
			);
			buildRules = (
			);
			dependencies = (
			);
			name = Weather;
			productName = Weather;
			productReference = D4C636E72A8B8B28005A3BC9 /* Weather.app */;
			productType = "com.apple.product-type.application";
		};
		D4C636F62A8B8B2C005A3BC9 /* WeatherTests */ = {
			isa = PBXNativeTarget;
			buildConfigurationList = D4C6370E2A8B8B2C005A3BC9 /* Build configuration list for PBXNativeTarget "WeatherTests" */;
			buildPhases = (
				D4C636F32A8B8B2C005A3BC9 /* Sources */,
				D4C636F42A8B8B2C005A3BC9 /* Frameworks */,
				D4C636F52A8B8B2C005A3BC9 /* Resources */,
			);
			buildRules = (
			);
			dependencies = (
				D4C636F92A8B8B2C005A3BC9 /* PBXTargetDependency */,
			);
			name = WeatherTests;
			productName = WeatherTests;
			productReference = D4C636F72A8B8B2C005A3BC9 /* WeatherTests.xctest */;
			productType = "com.apple.product-type.bundle.unit-test";
		};
		D4C637002A8B8B2C005A3BC9 /* WeatherUITests */ = {
			isa = PBXNativeTarget;
			buildConfigurationList = D4C637112A8B8B2C005A3BC9 /* Build configuration list for PBXNativeTarget "WeatherUITests" */;
			buildPhases = (
				D4C636FD2A8B8B2C005A3BC9 /* Sources */,
				D4C636FE2A8B8B2C005A3BC9 /* Frameworks */,
				D4C636FF2A8B8B2C005A3BC9 /* Resources */,
			);
			buildRules = (
			);
			dependencies = (
				D4C637032A8B8B2C005A3BC9 /* PBXTargetDependency */,
			);
			name = WeatherUITests;
			productName = WeatherUITests;
			productReference = D4C637012A8B8B2C005A3BC9 /* WeatherUITests.xctest */;
			productType = "com.apple.product-type.bundle.ui-testing";
		};
/* End PBXNativeTarget section */

/* Begin PBXProject section */
		D4C636DF2A8B8B28005A3BC9 /* Project object */ = {
			isa = PBXProject;
			attributes = {
				BuildIndependentTargetsInParallel = 1;
				LastSwiftUpdateCheck = 1430;
				LastUpgradeCheck = 1430;
				TargetAttributes = {
					D4C636E62A8B8B28005A3BC9 = {
						CreatedOnToolsVersion = 14.3.1;
					};
					D4C636F62A8B8B2C005A3BC9 = {
						CreatedOnToolsVersion = 14.3.1;
						TestTargetID = D4C636E62A8B8B28005A3BC9;
					};
					D4C637002A8B8B2C005A3BC9 = {
						CreatedOnToolsVersion = 14.3.1;
						TestTargetID = D4C636E62A8B8B28005A3BC9;
					};
				};
			};
			buildConfigurationList = D4C636E22A8B8B28005A3BC9 /* Build configuration list for PBXProject "Weather" */;
			compatibilityVersion = "Xcode 14.0";
			developmentRegion = en;
			hasScannedForEncodings = 0;
			knownRegions = (
				en,
				Base,
			);
			mainGroup = D4C636DE2A8B8B28005A3BC9;
			productRefGroup = D4C636E82A8B8B28005A3BC9 /* Products */;
			projectDirPath = "";
			projectRoot = "";
			targets = (
				D4C636E62A8B8B28005A3BC9 /* Weather */,
				D4C636F62A8B8B2C005A3BC9 /* WeatherTests */,
				D4C637002A8B8B2C005A3BC9 /* WeatherUITests */,
			);
		};
/* End PBXProject section */

/* Begin PBXResourcesBuildPhase section */
		D4C636E52A8B8B28005A3BC9 /* Resources */ = {
			isa = PBXResourcesBuildPhase;
			buildActionMask = 2147483647;
			files = (
				D4C636F22A8B8B2C005A3BC9 /* Preview Assets.xcassets in Resources */,
				D4C6373A2A8BACD4005A3BC9 /* API.plist in Resources */,
				D4C636EF2A8B8B2C005A3BC9 /* Assets.xcassets in Resources */,
			);
			runOnlyForDeploymentPostprocessing = 0;
		};
		D4C636F52A8B8B2C005A3BC9 /* Resources */ = {
			isa = PBXResourcesBuildPhase;
			buildActionMask = 2147483647;
			files = (
				D434E74C2A8BD64500EFC225 /* Weather.json in Resources */,
			);
			runOnlyForDeploymentPostprocessing = 0;
		};
		D4C636FF2A8B8B2C005A3BC9 /* Resources */ = {
			isa = PBXResourcesBuildPhase;
			buildActionMask = 2147483647;
			files = (
			);
			runOnlyForDeploymentPostprocessing = 0;
		};
/* End PBXResourcesBuildPhase section */

/* Begin PBXSourcesBuildPhase section */
		D4C636E32A8B8B28005A3BC9 /* Sources */ = {
			isa = PBXSourcesBuildPhase;
			buildActionMask = 2147483647;
			files = (
				D4C637302A8B9EC8005A3BC9 /* NetworkManager.swift in Sources */,
				D4C637262A8B8EF6005A3BC9 /* WeatherViewModel.swift in Sources */,
				D4C637342A8B9F4A005A3BC9 /* ErrorManager.swift in Sources */,
				D4C6372C2A8B9121005A3BC9 /* LocationViewModel.swift in Sources */,
				D4C637382A8BA85E005A3BC9 /* Weather.swift in Sources */,
				D4C6373C2A8BC861005A3BC9 /* WeatherView.swift in Sources */,
				D4C6372E2A8B9242005A3BC9 /* Location.swift in Sources */,
				D4C636ED2A8B8B28005A3BC9 /* HomeView.swift in Sources */,
				D4C637322A8B9F18005A3BC9 /* APIServices.swift in Sources */,
				D4C636EB2A8B8B28005A3BC9 /* WeatherApp.swift in Sources */,
			);
			runOnlyForDeploymentPostprocessing = 0;
		};
		D4C636F32A8B8B2C005A3BC9 /* Sources */ = {
			isa = PBXSourcesBuildPhase;
			buildActionMask = 2147483647;
			files = (
				D4C636FC2A8B8B2C005A3BC9 /* WeatherTests.swift in Sources */,
				D434E74A2A8BD60B00EFC225 /* TestManager.swift in Sources */,
			);
			runOnlyForDeploymentPostprocessing = 0;
		};
		D4C636FD2A8B8B2C005A3BC9 /* Sources */ = {
			isa = PBXSourcesBuildPhase;
			buildActionMask = 2147483647;
			files = (
				D4C637062A8B8B2C005A3BC9 /* WeatherUITests.swift in Sources */,
				D4C637082A8B8B2C005A3BC9 /* WeatherUITestsLaunchTests.swift in Sources */,
			);
			runOnlyForDeploymentPostprocessing = 0;
		};
/* End PBXSourcesBuildPhase section */

/* Begin PBXTargetDependency section */
		D4C636F92A8B8B2C005A3BC9 /* PBXTargetDependency */ = {
			isa = PBXTargetDependency;
			target = D4C636E62A8B8B28005A3BC9 /* Weather */;
			targetProxy = D4C636F82A8B8B2C005A3BC9 /* PBXContainerItemProxy */;
		};
		D4C637032A8B8B2C005A3BC9 /* PBXTargetDependency */ = {
			isa = PBXTargetDependency;
			target = D4C636E62A8B8B28005A3BC9 /* Weather */;
			targetProxy = D4C637022A8B8B2C005A3BC9 /* PBXContainerItemProxy */;
		};
/* End PBXTargetDependency section */

/* Begin XCBuildConfiguration section */
		D4C637092A8B8B2C005A3BC9 /* Debug */ = {
			isa = XCBuildConfiguration;
			buildSettings = {
				ALWAYS_SEARCH_USER_PATHS = NO;
				CLANG_ANALYZER_NONNULL = YES;
				CLANG_ANALYZER_NUMBER_OBJECT_CONVERSION = YES_AGGRESSIVE;
				CLANG_CXX_LANGUAGE_STANDARD = "gnu++20";
				CLANG_ENABLE_MODULES = YES;
				CLANG_ENABLE_OBJC_ARC = YES;
				CLANG_ENABLE_OBJC_WEAK = YES;
				CLANG_WARN_BLOCK_CAPTURE_AUTORELEASING = YES;
				CLANG_WARN_BOOL_CONVERSION = YES;
				CLANG_WARN_COMMA = YES;
				CLANG_WARN_CONSTANT_CONVERSION = YES;
				CLANG_WARN_DEPRECATED_OBJC_IMPLEMENTATIONS = YES;
				CLANG_WARN_DIRECT_OBJC_ISA_USAGE = YES_ERROR;
				CLANG_WARN_DOCUMENTATION_COMMENTS = YES;
				CLANG_WARN_EMPTY_BODY = YES;
				CLANG_WARN_ENUM_CONVERSION = YES;
				CLANG_WARN_INFINITE_RECURSION = YES;
				CLANG_WARN_INT_CONVERSION = YES;
				CLANG_WARN_NON_LITERAL_NULL_CONVERSION = YES;
				CLANG_WARN_OBJC_IMPLICIT_RETAIN_SELF = YES;
				CLANG_WARN_OBJC_LITERAL_CONVERSION = YES;
				CLANG_WARN_OBJC_ROOT_CLASS = YES_ERROR;
				CLANG_WARN_QUOTED_INCLUDE_IN_FRAMEWORK_HEADER = YES;
				CLANG_WARN_RANGE_LOOP_ANALYSIS = YES;
				CLANG_WARN_STRICT_PROTOTYPES = YES;
				CLANG_WARN_SUSPICIOUS_MOVE = YES;
				CLANG_WARN_UNGUARDED_AVAILABILITY = YES_AGGRESSIVE;
				CLANG_WARN_UNREACHABLE_CODE = YES;
				CLANG_WARN__DUPLICATE_METHOD_MATCH = YES;
				COPY_PHASE_STRIP = NO;
				DEBUG_INFORMATION_FORMAT = dwarf;
				ENABLE_STRICT_OBJC_MSGSEND = YES;
				ENABLE_TESTABILITY = YES;
				GCC_C_LANGUAGE_STANDARD = gnu11;
				GCC_DYNAMIC_NO_PIC = NO;
				GCC_NO_COMMON_BLOCKS = YES;
				GCC_OPTIMIZATION_LEVEL = 0;
				GCC_PREPROCESSOR_DEFINITIONS = (
					"DEBUG=1",
					"$(inherited)",
				);
				GCC_WARN_64_TO_32_BIT_CONVERSION = YES;
				GCC_WARN_ABOUT_RETURN_TYPE = YES_ERROR;
				GCC_WARN_UNDECLARED_SELECTOR = YES;
				GCC_WARN_UNINITIALIZED_AUTOS = YES_AGGRESSIVE;
				GCC_WARN_UNUSED_FUNCTION = YES;
				GCC_WARN_UNUSED_VARIABLE = YES;
				INFOPLIST_KEY_NSLocationWhenInUseUsageDescription = "Allow app to track your location.";
				IPHONEOS_DEPLOYMENT_TARGET = 16.4;
				MTL_ENABLE_DEBUG_INFO = INCLUDE_SOURCE;
				MTL_FAST_MATH = YES;
				ONLY_ACTIVE_ARCH = YES;
				SDKROOT = iphoneos;
				SWIFT_ACTIVE_COMPILATION_CONDITIONS = DEBUG;
				SWIFT_OPTIMIZATION_LEVEL = "-Onone";
			};
			name = Debug;
		};
		D4C6370A2A8B8B2C005A3BC9 /* Release */ = {
			isa = XCBuildConfiguration;
			buildSettings = {
				ALWAYS_SEARCH_USER_PATHS = NO;
				CLANG_ANALYZER_NONNULL = YES;
				CLANG_ANALYZER_NUMBER_OBJECT_CONVERSION = YES_AGGRESSIVE;
				CLANG_CXX_LANGUAGE_STANDARD = "gnu++20";
				CLANG_ENABLE_MODULES = YES;
				CLANG_ENABLE_OBJC_ARC = YES;
				CLANG_ENABLE_OBJC_WEAK = YES;
				CLANG_WARN_BLOCK_CAPTURE_AUTORELEASING = YES;
				CLANG_WARN_BOOL_CONVERSION = YES;
				CLANG_WARN_COMMA = YES;
				CLANG_WARN_CONSTANT_CONVERSION = YES;
				CLANG_WARN_DEPRECATED_OBJC_IMPLEMENTATIONS = YES;
				CLANG_WARN_DIRECT_OBJC_ISA_USAGE = YES_ERROR;
				CLANG_WARN_DOCUMENTATION_COMMENTS = YES;
				CLANG_WARN_EMPTY_BODY = YES;
				CLANG_WARN_ENUM_CONVERSION = YES;
				CLANG_WARN_INFINITE_RECURSION = YES;
				CLANG_WARN_INT_CONVERSION = YES;
				CLANG_WARN_NON_LITERAL_NULL_CONVERSION = YES;
				CLANG_WARN_OBJC_IMPLICIT_RETAIN_SELF = YES;
				CLANG_WARN_OBJC_LITERAL_CONVERSION = YES;
				CLANG_WARN_OBJC_ROOT_CLASS = YES_ERROR;
				CLANG_WARN_QUOTED_INCLUDE_IN_FRAMEWORK_HEADER = YES;
				CLANG_WARN_RANGE_LOOP_ANALYSIS = YES;
				CLANG_WARN_STRICT_PROTOTYPES = YES;
				CLANG_WARN_SUSPICIOUS_MOVE = YES;
				CLANG_WARN_UNGUARDED_AVAILABILITY = YES_AGGRESSIVE;
				CLANG_WARN_UNREACHABLE_CODE = YES;
				CLANG_WARN__DUPLICATE_METHOD_MATCH = YES;
				COPY_PHASE_STRIP = NO;
				DEBUG_INFORMATION_FORMAT = "dwarf-with-dsym";
				ENABLE_NS_ASSERTIONS = NO;
				ENABLE_STRICT_OBJC_MSGSEND = YES;
				GCC_C_LANGUAGE_STANDARD = gnu11;
				GCC_NO_COMMON_BLOCKS = YES;
				GCC_WARN_64_TO_32_BIT_CONVERSION = YES;
				GCC_WARN_ABOUT_RETURN_TYPE = YES_ERROR;
				GCC_WARN_UNDECLARED_SELECTOR = YES;
				GCC_WARN_UNINITIALIZED_AUTOS = YES_AGGRESSIVE;
				GCC_WARN_UNUSED_FUNCTION = YES;
				GCC_WARN_UNUSED_VARIABLE = YES;
				INFOPLIST_KEY_NSLocationWhenInUseUsageDescription = "Allow app to track your location.";
				IPHONEOS_DEPLOYMENT_TARGET = 16.4;
				MTL_ENABLE_DEBUG_INFO = NO;
				MTL_FAST_MATH = YES;
				SDKROOT = iphoneos;
				SWIFT_COMPILATION_MODE = wholemodule;
				SWIFT_OPTIMIZATION_LEVEL = "-O";
				VALIDATE_PRODUCT = YES;
			};
			name = Release;
		};
		D4C6370C2A8B8B2C005A3BC9 /* Debug */ = {
			isa = XCBuildConfiguration;
			buildSettings = {
				ASSETCATALOG_COMPILER_APPICON_NAME = AppIcon;
				ASSETCATALOG_COMPILER_GLOBAL_ACCENT_COLOR_NAME = AccentColor;
				CODE_SIGN_STYLE = Automatic;
				CURRENT_PROJECT_VERSION = 1;
				DEVELOPMENT_ASSET_PATHS = "\"Weather/Preview Content\"";
				ENABLE_PREVIEWS = YES;
				GENERATE_INFOPLIST_FILE = YES;
				INFOPLIST_KEY_UIApplicationSceneManifest_Generation = YES;
				INFOPLIST_KEY_UIApplicationSupportsIndirectInputEvents = YES;
				INFOPLIST_KEY_UILaunchScreen_Generation = YES;
				INFOPLIST_KEY_UISupportedInterfaceOrientations_iPad = "UIInterfaceOrientationPortrait UIInterfaceOrientationPortraitUpsideDown UIInterfaceOrientationLandscapeLeft UIInterfaceOrientationLandscapeRight";
				INFOPLIST_KEY_UISupportedInterfaceOrientations_iPhone = "UIInterfaceOrientationPortrait UIInterfaceOrientationLandscapeLeft UIInterfaceOrientationLandscapeRight";
				LD_RUNPATH_SEARCH_PATHS = (
					"$(inherited)",
					"@executable_path/Frameworks",
				);
				MARKETING_VERSION = 1.0;
				PRODUCT_BUNDLE_IDENTIFIER = com.ghl.Weather;
				PRODUCT_NAME = "$(TARGET_NAME)";
				SWIFT_EMIT_LOC_STRINGS = YES;
				SWIFT_VERSION = 5.0;
				TARGETED_DEVICE_FAMILY = "1,2";
			};
			name = Debug;
		};
		D4C6370D2A8B8B2C005A3BC9 /* Release */ = {
			isa = XCBuildConfiguration;
			buildSettings = {
				ASSETCATALOG_COMPILER_APPICON_NAME = AppIcon;
				ASSETCATALOG_COMPILER_GLOBAL_ACCENT_COLOR_NAME = AccentColor;
				CODE_SIGN_STYLE = Automatic;
				CURRENT_PROJECT_VERSION = 1;
				DEVELOPMENT_ASSET_PATHS = "\"Weather/Preview Content\"";
				ENABLE_PREVIEWS = YES;
				GENERATE_INFOPLIST_FILE = YES;
				INFOPLIST_KEY_UIApplicationSceneManifest_Generation = YES;
				INFOPLIST_KEY_UIApplicationSupportsIndirectInputEvents = YES;
				INFOPLIST_KEY_UILaunchScreen_Generation = YES;
				INFOPLIST_KEY_UISupportedInterfaceOrientations_iPad = "UIInterfaceOrientationPortrait UIInterfaceOrientationPortraitUpsideDown UIInterfaceOrientationLandscapeLeft UIInterfaceOrientationLandscapeRight";
				INFOPLIST_KEY_UISupportedInterfaceOrientations_iPhone = "UIInterfaceOrientationPortrait UIInterfaceOrientationLandscapeLeft UIInterfaceOrientationLandscapeRight";
				LD_RUNPATH_SEARCH_PATHS = (
					"$(inherited)",
					"@executable_path/Frameworks",
				);
				MARKETING_VERSION = 1.0;
				PRODUCT_BUNDLE_IDENTIFIER = com.ghl.Weather;
				PRODUCT_NAME = "$(TARGET_NAME)";
				SWIFT_EMIT_LOC_STRINGS = YES;
				SWIFT_VERSION = 5.0;
				TARGETED_DEVICE_FAMILY = "1,2";
			};
			name = Release;
		};
		D4C6370F2A8B8B2C005A3BC9 /* Debug */ = {
			isa = XCBuildConfiguration;
			buildSettings = {
				ALWAYS_EMBED_SWIFT_STANDARD_LIBRARIES = YES;
				BUNDLE_LOADER = "$(TEST_HOST)";
				CODE_SIGN_STYLE = Automatic;
				CURRENT_PROJECT_VERSION = 1;
				GENERATE_INFOPLIST_FILE = YES;
				IPHONEOS_DEPLOYMENT_TARGET = 16.4;
				MARKETING_VERSION = 1.0;
				PRODUCT_BUNDLE_IDENTIFIER = com.ghl.WeatherTests;
				PRODUCT_NAME = "$(TARGET_NAME)";
				SWIFT_EMIT_LOC_STRINGS = NO;
				SWIFT_VERSION = 5.0;
				TARGETED_DEVICE_FAMILY = "1,2";
				TEST_HOST = "$(BUILT_PRODUCTS_DIR)/Weather.app/$(BUNDLE_EXECUTABLE_FOLDER_PATH)/Weather";
			};
			name = Debug;
		};
		D4C637102A8B8B2C005A3BC9 /* Release */ = {
			isa = XCBuildConfiguration;
			buildSettings = {
				ALWAYS_EMBED_SWIFT_STANDARD_LIBRARIES = YES;
				BUNDLE_LOADER = "$(TEST_HOST)";
				CODE_SIGN_STYLE = Automatic;
				CURRENT_PROJECT_VERSION = 1;
				GENERATE_INFOPLIST_FILE = YES;
				IPHONEOS_DEPLOYMENT_TARGET = 16.4;
				MARKETING_VERSION = 1.0;
				PRODUCT_BUNDLE_IDENTIFIER = com.ghl.WeatherTests;
				PRODUCT_NAME = "$(TARGET_NAME)";
				SWIFT_EMIT_LOC_STRINGS = NO;
				SWIFT_VERSION = 5.0;
				TARGETED_DEVICE_FAMILY = "1,2";
				TEST_HOST = "$(BUILT_PRODUCTS_DIR)/Weather.app/$(BUNDLE_EXECUTABLE_FOLDER_PATH)/Weather";
			};
			name = Release;
		};
		D4C637122A8B8B2C005A3BC9 /* Debug */ = {
			isa = XCBuildConfiguration;
			buildSettings = {
				ALWAYS_EMBED_SWIFT_STANDARD_LIBRARIES = YES;
				CODE_SIGN_STYLE = Automatic;
				CURRENT_PROJECT_VERSION = 1;
				GENERATE_INFOPLIST_FILE = YES;
				MARKETING_VERSION = 1.0;
				PRODUCT_BUNDLE_IDENTIFIER = com.ghl.WeatherUITests;
				PRODUCT_NAME = "$(TARGET_NAME)";
				SWIFT_EMIT_LOC_STRINGS = NO;
				SWIFT_VERSION = 5.0;
				TARGETED_DEVICE_FAMILY = "1,2";
				TEST_TARGET_NAME = Weather;
			};
			name = Debug;
		};
		D4C637132A8B8B2C005A3BC9 /* Release */ = {
			isa = XCBuildConfiguration;
			buildSettings = {
				ALWAYS_EMBED_SWIFT_STANDARD_LIBRARIES = YES;
				CODE_SIGN_STYLE = Automatic;
				CURRENT_PROJECT_VERSION = 1;
				GENERATE_INFOPLIST_FILE = YES;
				MARKETING_VERSION = 1.0;
				PRODUCT_BUNDLE_IDENTIFIER = com.ghl.WeatherUITests;
				PRODUCT_NAME = "$(TARGET_NAME)";
				SWIFT_EMIT_LOC_STRINGS = NO;
				SWIFT_VERSION = 5.0;
				TARGETED_DEVICE_FAMILY = "1,2";
				TEST_TARGET_NAME = Weather;
			};
			name = Release;
		};
/* End XCBuildConfiguration section */

/* Begin XCConfigurationList section */
		D4C636E22A8B8B28005A3BC9 /* Build configuration list for PBXProject "Weather" */ = {
			isa = XCConfigurationList;
			buildConfigurations = (
				D4C637092A8B8B2C005A3BC9 /* Debug */,
				D4C6370A2A8B8B2C005A3BC9 /* Release */,
			);
			defaultConfigurationIsVisible = 0;
			defaultConfigurationName = Release;
		};
		D4C6370B2A8B8B2C005A3BC9 /* Build configuration list for PBXNativeTarget "Weather" */ = {
			isa = XCConfigurationList;
			buildConfigurations = (
				D4C6370C2A8B8B2C005A3BC9 /* Debug */,
				D4C6370D2A8B8B2C005A3BC9 /* Release */,
			);
			defaultConfigurationIsVisible = 0;
			defaultConfigurationName = Release;
		};
		D4C6370E2A8B8B2C005A3BC9 /* Build configuration list for PBXNativeTarget "WeatherTests" */ = {
			isa = XCConfigurationList;
			buildConfigurations = (
				D4C6370F2A8B8B2C005A3BC9 /* Debug */,
				D4C637102A8B8B2C005A3BC9 /* Release */,
			);
			defaultConfigurationIsVisible = 0;
			defaultConfigurationName = Release;
		};
		D4C637112A8B8B2C005A3BC9 /* Build configuration list for PBXNativeTarget "WeatherUITests" */ = {
			isa = XCConfigurationList;
			buildConfigurations = (
				D4C637122A8B8B2C005A3BC9 /* Debug */,
				D4C637132A8B8B2C005A3BC9 /* Release */,
			);
			defaultConfigurationIsVisible = 0;
			defaultConfigurationName = Release;
		};
/* End XCConfigurationList section */
	};
	rootObject = D4C636DF2A8B8B28005A3BC9 /* Project object */;
}
